lockfileVersion: '9.0'

settings:
  autoInstallPeers: true
  excludeLinksFromLockfile: false

importers:

  .:
    devDependencies:
      '@sveltejs/adapter-static':
        specifier: ^3.0.1
        version: 3.0.1(@sveltejs/kit@2.5.5(@sveltejs/vite-plugin-svelte@3.1.0(svelte@4.2.14)(vite@5.2.8(sass@1.75.0)))(svelte@4.2.14)(vite@5.2.8(sass@1.75.0)))
      '@sveltejs/kit':
        specifier: 2.5.5
        version: 2.5.5(@sveltejs/vite-plugin-svelte@3.1.0(svelte@4.2.14)(vite@5.2.8(sass@1.75.0)))(svelte@4.2.14)(vite@5.2.8(sass@1.75.0))
      '@sveltejs/package':
        specifier: ^2.3.1
        version: 2.3.1(svelte@4.2.14)(typescript@5.4.5)
      '@sveltejs/vite-plugin-svelte':
        specifier: ^3.1.0
        version: 3.1.0(svelte@4.2.14)(vite@5.2.8(sass@1.75.0))
      dedent:
        specifier: ^1.5.3
        version: 1.5.3
      ghostsui:
        specifier: ^1.6.0
        version: 1.6.0
      publint:
        specifier: ^0.2.7
        version: 0.2.7
      sass:
        specifier: ^1.75.0
        version: 1.75.0
      shikiji:
        specifier: ^0.10.2
        version: 0.10.2
      svelte:
        specifier: ^4.2.14
        version: 4.2.14
      svelte2tsx:
        specifier: ^0.7.6
        version: 0.7.6(svelte@4.2.14)(typescript@5.4.5)
      tslib:
        specifier: ^2.6.2
        version: 2.6.2
      typescript:
        specifier: ^5.4.5
        version: 5.4.5
      vite:
        specifier: ^5.2.8
        version: 5.2.8(sass@1.75.0)

packages:

  '@ampproject/remapping@2.3.0':
    resolution: {integrity: sha512-30iZtAPgz+LTIYoeivqYo853f02jBYSd5uGnGpkFV0M3xOt9aN73erkgYAmZU43x4VfqcnLxW9Kpg3R5LC4YYw==}
    engines: {node: '>=6.0.0'}

  '@esbuild/aix-ppc64@0.20.2':
    resolution: {integrity: sha512-D+EBOJHXdNZcLJRBkhENNG8Wji2kgc9AZ9KiPr1JuZjsNtyHzrsfLRrY0tk2H2aoFu6RANO1y1iPPUCDYWkb5g==}
    engines: {node: '>=12'}
    cpu: [ppc64]
    os: [aix]

  '@esbuild/android-arm64@0.20.2':
    resolution: {integrity: sha512-mRzjLacRtl/tWU0SvD8lUEwb61yP9cqQo6noDZP/O8VkwafSYwZ4yWy24kan8jE/IMERpYncRt2dw438LP3Xmg==}
    engines: {node: '>=12'}
    cpu: [arm64]
    os: [android]

  '@esbuild/android-arm@0.20.2':
    resolution: {integrity: sha512-t98Ra6pw2VaDhqNWO2Oph2LXbz/EJcnLmKLGBJwEwXX/JAN83Fym1rU8l0JUWK6HkIbWONCSSatf4sf2NBRx/w==}
    engines: {node: '>=12'}
    cpu: [arm]
    os: [android]

  '@esbuild/android-x64@0.20.2':
    resolution: {integrity: sha512-btzExgV+/lMGDDa194CcUQm53ncxzeBrWJcncOBxuC6ndBkKxnHdFJn86mCIgTELsooUmwUm9FkhSp5HYu00Rg==}
    engines: {node: '>=12'}
    cpu: [x64]
    os: [android]

  '@esbuild/darwin-arm64@0.20.2':
    resolution: {integrity: sha512-4J6IRT+10J3aJH3l1yzEg9y3wkTDgDk7TSDFX+wKFiWjqWp/iCfLIYzGyasx9l0SAFPT1HwSCR+0w/h1ES/MjA==}
    engines: {node: '>=12'}
    cpu: [arm64]
    os: [darwin]

  '@esbuild/darwin-x64@0.20.2':
    resolution: {integrity: sha512-tBcXp9KNphnNH0dfhv8KYkZhjc+H3XBkF5DKtswJblV7KlT9EI2+jeA8DgBjp908WEuYll6pF+UStUCfEpdysA==}
    engines: {node: '>=12'}
    cpu: [x64]
    os: [darwin]

  '@esbuild/freebsd-arm64@0.20.2':
    resolution: {integrity: sha512-d3qI41G4SuLiCGCFGUrKsSeTXyWG6yem1KcGZVS+3FYlYhtNoNgYrWcvkOoaqMhwXSMrZRl69ArHsGJ9mYdbbw==}
    engines: {node: '>=12'}
    cpu: [arm64]
    os: [freebsd]

  '@esbuild/freebsd-x64@0.20.2':
    resolution: {integrity: sha512-d+DipyvHRuqEeM5zDivKV1KuXn9WeRX6vqSqIDgwIfPQtwMP4jaDsQsDncjTDDsExT4lR/91OLjRo8bmC1e+Cw==}
    engines: {node: '>=12'}
    cpu: [x64]
    os: [freebsd]

  '@esbuild/linux-arm64@0.20.2':
    resolution: {integrity: sha512-9pb6rBjGvTFNira2FLIWqDk/uaf42sSyLE8j1rnUpuzsODBq7FvpwHYZxQ/It/8b+QOS1RYfqgGFNLRI+qlq2A==}
    engines: {node: '>=12'}
    cpu: [arm64]
    os: [linux]

  '@esbuild/linux-arm@0.20.2':
    resolution: {integrity: sha512-VhLPeR8HTMPccbuWWcEUD1Az68TqaTYyj6nfE4QByZIQEQVWBB8vup8PpR7y1QHL3CpcF6xd5WVBU/+SBEvGTg==}
    engines: {node: '>=12'}
    cpu: [arm]
    os: [linux]

  '@esbuild/linux-ia32@0.20.2':
    resolution: {integrity: sha512-o10utieEkNPFDZFQm9CoP7Tvb33UutoJqg3qKf1PWVeeJhJw0Q347PxMvBgVVFgouYLGIhFYG0UGdBumROyiig==}
    engines: {node: '>=12'}
    cpu: [ia32]
    os: [linux]

  '@esbuild/linux-loong64@0.20.2':
    resolution: {integrity: sha512-PR7sp6R/UC4CFVomVINKJ80pMFlfDfMQMYynX7t1tNTeivQ6XdX5r2XovMmha/VjR1YN/HgHWsVcTRIMkymrgQ==}
    engines: {node: '>=12'}
    cpu: [loong64]
    os: [linux]

  '@esbuild/linux-mips64el@0.20.2':
    resolution: {integrity: sha512-4BlTqeutE/KnOiTG5Y6Sb/Hw6hsBOZapOVF6njAESHInhlQAghVVZL1ZpIctBOoTFbQyGW+LsVYZ8lSSB3wkjA==}
    engines: {node: '>=12'}
    cpu: [mips64el]
    os: [linux]

  '@esbuild/linux-ppc64@0.20.2':
    resolution: {integrity: sha512-rD3KsaDprDcfajSKdn25ooz5J5/fWBylaaXkuotBDGnMnDP1Uv5DLAN/45qfnf3JDYyJv/ytGHQaziHUdyzaAg==}
    engines: {node: '>=12'}
    cpu: [ppc64]
    os: [linux]

  '@esbuild/linux-riscv64@0.20.2':
    resolution: {integrity: sha512-snwmBKacKmwTMmhLlz/3aH1Q9T8v45bKYGE3j26TsaOVtjIag4wLfWSiZykXzXuE1kbCE+zJRmwp+ZbIHinnVg==}
    engines: {node: '>=12'}
    cpu: [riscv64]
    os: [linux]

  '@esbuild/linux-s390x@0.20.2':
    resolution: {integrity: sha512-wcWISOobRWNm3cezm5HOZcYz1sKoHLd8VL1dl309DiixxVFoFe/o8HnwuIwn6sXre88Nwj+VwZUvJf4AFxkyrQ==}
    engines: {node: '>=12'}
    cpu: [s390x]
    os: [linux]

  '@esbuild/linux-x64@0.20.2':
    resolution: {integrity: sha512-1MdwI6OOTsfQfek8sLwgyjOXAu+wKhLEoaOLTjbijk6E2WONYpH9ZU2mNtR+lZ2B4uwr+usqGuVfFT9tMtGvGw==}
    engines: {node: '>=12'}
    cpu: [x64]
    os: [linux]

  '@esbuild/netbsd-x64@0.20.2':
    resolution: {integrity: sha512-K8/DhBxcVQkzYc43yJXDSyjlFeHQJBiowJ0uVL6Tor3jGQfSGHNNJcWxNbOI8v5k82prYqzPuwkzHt3J1T1iZQ==}
    engines: {node: '>=12'}
    cpu: [x64]
    os: [netbsd]

  '@esbuild/openbsd-x64@0.20.2':
    resolution: {integrity: sha512-eMpKlV0SThJmmJgiVyN9jTPJ2VBPquf6Kt/nAoo6DgHAoN57K15ZghiHaMvqjCye/uU4X5u3YSMgVBI1h3vKrQ==}
    engines: {node: '>=12'}
    cpu: [x64]
    os: [openbsd]

  '@esbuild/sunos-x64@0.20.2':
    resolution: {integrity: sha512-2UyFtRC6cXLyejf/YEld4Hajo7UHILetzE1vsRcGL3earZEW77JxrFjH4Ez2qaTiEfMgAXxfAZCm1fvM/G/o8w==}
    engines: {node: '>=12'}
    cpu: [x64]
    os: [sunos]

  '@esbuild/win32-arm64@0.20.2':
    resolution: {integrity: sha512-GRibxoawM9ZCnDxnP3usoUDO9vUkpAxIIZ6GQI+IlVmr5kP3zUq+l17xELTHMWTWzjxa2guPNyrpq1GWmPvcGQ==}
    engines: {node: '>=12'}
    cpu: [arm64]
    os: [win32]

  '@esbuild/win32-ia32@0.20.2':
    resolution: {integrity: sha512-HfLOfn9YWmkSKRQqovpnITazdtquEW8/SoHW7pWpuEeguaZI4QnCRW6b+oZTztdBnZOS2hqJ6im/D5cPzBTTlQ==}
    engines: {node: '>=12'}
    cpu: [ia32]
    os: [win32]

  '@esbuild/win32-x64@0.20.2':
    resolution: {integrity: sha512-N49X4lJX27+l9jbLKSqZ6bKNjzQvHaT8IIFUy+YIqmXQdjYCToGWwOItDrfby14c78aDd5NHQl29xingXfCdLQ==}
    engines: {node: '>=12'}
    cpu: [x64]
    os: [win32]

  '@jridgewell/gen-mapping@0.3.5':
    resolution: {integrity: sha512-IzL8ZoEDIBRWEzlCcRhOaCupYyN5gdIK+Q6fbFdPDg6HqX6jpkItn7DFIpW9LQzXG6Df9sA7+OKnq0qlz/GaQg==}
    engines: {node: '>=6.0.0'}

  '@jridgewell/resolve-uri@3.1.2':
    resolution: {integrity: sha512-bRISgCIjP20/tbWSPWMEi54QVPRZExkuD9lJL+UIxUKtwVJA8wW1Trb1jMs1RFXo1CBTNZ/5hpC9QvmKWdopKw==}
    engines: {node: '>=6.0.0'}

  '@jridgewell/set-array@1.2.1':
    resolution: {integrity: sha512-R8gLRTZeyp03ymzP/6Lil/28tGeGEzhx1q2k703KGWRAI1VdvPIXdG70VJc2pAMw3NA6JKL5hhFu1sJX0Mnn/A==}
    engines: {node: '>=6.0.0'}

  '@jridgewell/sourcemap-codec@1.4.15':
    resolution: {integrity: sha512-eF2rxCRulEKXHTRiDrDy6erMYWqNw4LPdQ8UQA4huuxaQsVeRPFl2oM8oDGxMFhJUWZf9McpLtJasDDZb/Bpeg==}

  '@jridgewell/trace-mapping@0.3.25':
    resolution: {integrity: sha512-vNk6aEwybGtawWmy/PzwnGDOjCkLWSD2wqvjGGAgOAwCGWySYXfYoxt00IJkTF+8Lb57DwOb3Aa0o9CApepiYQ==}

  '@polka/url@1.0.0-next.25':
    resolution: {integrity: sha512-j7P6Rgr3mmtdkeDGTe0E/aYyWEWVtc5yFXtHCRHs28/jptDEWfaVOc5T7cblqy1XKPPfCxJc/8DwQ5YgLOZOVQ==}

  '@rollup/rollup-android-arm-eabi@4.14.2':
    resolution: {integrity: sha512-ahxSgCkAEk+P/AVO0vYr7DxOD3CwAQrT0Go9BJyGQ9Ef0QxVOfjDZMiF4Y2s3mLyPrjonchIMH/tbWHucJMykQ==}
    cpu: [arm]
    os: [android]

  '@rollup/rollup-android-arm64@4.14.2':
    resolution: {integrity: sha512-lAarIdxZWbFSHFSDao9+I/F5jDaKyCqAPMq5HqnfpBw8dKDiCaaqM0lq5h1pQTLeIqueeay4PieGR5jGZMWprw==}
    cpu: [arm64]
    os: [android]

  '@rollup/rollup-darwin-arm64@4.14.2':
    resolution: {integrity: sha512-SWsr8zEUk82KSqquIMgZEg2GE5mCSfr9sE/thDROkX6pb3QQWPp8Vw8zOq2GyxZ2t0XoSIUlvHDkrf5Gmf7x3Q==}
    cpu: [arm64]
    os: [darwin]

  '@rollup/rollup-darwin-x64@4.14.2':
    resolution: {integrity: sha512-o/HAIrQq0jIxJAhgtIvV5FWviYK4WB0WwV91SLUnsliw1lSAoLsmgEEgRWzDguAFeUEUUoIWXiJrPqU7vGiVkA==}
    cpu: [x64]
    os: [darwin]

  '@rollup/rollup-linux-arm-gnueabihf@4.14.2':
    resolution: {integrity: sha512-nwlJ65UY9eGq91cBi6VyDfArUJSKOYt5dJQBq8xyLhvS23qO+4Nr/RreibFHjP6t+5ap2ohZrUJcHv5zk5ju/g==}
    cpu: [arm]
    os: [linux]

  '@rollup/rollup-linux-arm64-gnu@4.14.2':
    resolution: {integrity: sha512-Pg5TxxO2IVlMj79+c/9G0LREC9SY3HM+pfAwX7zj5/cAuwrbfj2Wv9JbMHIdPCfQpYsI4g9mE+2Bw/3aeSs2rQ==}
    cpu: [arm64]
    os: [linux]

  '@rollup/rollup-linux-arm64-musl@4.14.2':
    resolution: {integrity: sha512-cAOTjGNm84gc6tS02D1EXtG7tDRsVSDTBVXOLbj31DkwfZwgTPYZ6aafSU7rD/4R2a34JOwlF9fQayuTSkoclA==}
    cpu: [arm64]
    os: [linux]

  '@rollup/rollup-linux-powerpc64le-gnu@4.14.2':
    resolution: {integrity: sha512-4RyT6v1kXb7C0fn6zV33rvaX05P0zHoNzaXI/5oFHklfKm602j+N4mn2YvoezQViRLPnxP8M1NaY4s/5kXO5cw==}
    cpu: [ppc64]
    os: [linux]

  '@rollup/rollup-linux-riscv64-gnu@4.14.2':
    resolution: {integrity: sha512-KNUH6jC/vRGAKSorySTyc/yRYlCwN/5pnMjXylfBniwtJx5O7X17KG/0efj8XM3TZU7raYRXJFFReOzNmL1n1w==}
    cpu: [riscv64]
    os: [linux]

  '@rollup/rollup-linux-s390x-gnu@4.14.2':
    resolution: {integrity: sha512-xPV4y73IBEXToNPa3h5lbgXOi/v0NcvKxU0xejiFw6DtIYQqOTMhZ2DN18/HrrP0PmiL3rGtRG9gz1QE8vFKXQ==}
    cpu: [s390x]
    os: [linux]

  '@rollup/rollup-linux-x64-gnu@4.14.2':
    resolution: {integrity: sha512-QBhtr07iFGmF9egrPOWyO5wciwgtzKkYPNLVCFZTmr4TWmY0oY2Dm/bmhHjKRwZoGiaKdNcKhFtUMBKvlchH+Q==}
    cpu: [x64]
    os: [linux]

  '@rollup/rollup-linux-x64-musl@4.14.2':
    resolution: {integrity: sha512-8zfsQRQGH23O6qazZSFY5jP5gt4cFvRuKTpuBsC1ZnSWxV8ZKQpPqOZIUtdfMOugCcBvFGRa1pDC/tkf19EgBw==}
    cpu: [x64]
    os: [linux]

  '@rollup/rollup-win32-arm64-msvc@4.14.2':
    resolution: {integrity: sha512-H4s8UjgkPnlChl6JF5empNvFHp77Jx+Wfy2EtmYPe9G22XV+PMuCinZVHurNe8ggtwoaohxARJZbaH/3xjB/FA==}
    cpu: [arm64]
    os: [win32]

  '@rollup/rollup-win32-ia32-msvc@4.14.2':
    resolution: {integrity: sha512-djqpAjm/i8erWYF0K6UY4kRO3X5+T4TypIqw60Q8MTqSBaQNpNXDhxdjpZ3ikgb+wn99svA7jxcXpiyg9MUsdw==}
    cpu: [ia32]
    os: [win32]

  '@rollup/rollup-win32-x64-msvc@4.14.2':
    resolution: {integrity: sha512-teAqzLT0yTYZa8ZP7zhFKEx4cotS8Tkk5XiqNMJhD4CpaWB1BHARE4Qy+RzwnXvSAYv+Q3jAqCVBS+PS+Yee8Q==}
    cpu: [x64]
    os: [win32]

  '@sveltejs/adapter-static@3.0.1':
    resolution: {integrity: sha512-6lMvf7xYEJ+oGeR5L8DFJJrowkefTK6ZgA4JiMqoClMkKq0s6yvsd3FZfCFvX1fQ0tpCD7fkuRVHsnUVgsHyNg==}
    peerDependencies:
      '@sveltejs/kit': ^2.0.0

  '@sveltejs/kit@2.5.5':
    resolution: {integrity: sha512-ULe3PB00q4+wYRL+IS5FDPsCEVnhEITofm7b9Yz8malcH3r1SAnW/JJ6T13hIMeu8QNRIuVQWo+P4+2VklbnLQ==}
    engines: {node: '>=18.13'}
    hasBin: true
    peerDependencies:
      '@sveltejs/vite-plugin-svelte': ^3.0.0
      svelte: ^4.0.0 || ^5.0.0-next.0
      vite: ^5.0.3

  '@sveltejs/package@2.3.1':
    resolution: {integrity: sha512-JvR2J4ost1oCn1CSdqenYRwGX/1RX+7LN+VZ71aPnz3JAlIFaEKQd1pBxlb+OSQTfeugJO0W39gB9voAbBO5ow==}
    engines: {node: ^16.14 || >=18}
    hasBin: true
    peerDependencies:
      svelte: ^3.44.0 || ^4.0.0 || ^5.0.0-next.1

  '@sveltejs/vite-plugin-svelte-inspector@2.1.0':
    resolution: {integrity: sha512-9QX28IymvBlSCqsCll5t0kQVxipsfhFFL+L2t3nTWfXnddYwxBuAEtTtlaVQpRz9c37BhJjltSeY4AJSC03SSg==}
    engines: {node: ^18.0.0 || >=20}
    peerDependencies:
      '@sveltejs/vite-plugin-svelte': ^3.0.0
      svelte: ^4.0.0 || ^5.0.0-next.0
      vite: ^5.0.0

  '@sveltejs/vite-plugin-svelte@3.1.0':
    resolution: {integrity: sha512-sY6ncCvg+O3njnzbZexcVtUqOBE3iYmQPJ9y+yXSkOwG576QI/xJrBnQSRXFLGwJNBa0T78JEKg5cIR0WOAuUw==}
    engines: {node: ^18.0.0 || >=20}
    peerDependencies:
      svelte: ^4.0.0 || ^5.0.0-next.0
      vite: ^5.0.0

  '@types/cookie@0.6.0':
    resolution: {integrity: sha512-4Kh9a6B2bQciAhf7FSuMRRkUWecJgJu9nPnx3yzpsfXX/c50REIqpHY4C82bXP90qrLtXtkDxTZosYO3UpOwlA==}

  '@types/estree@1.0.5':
    resolution: {integrity: sha512-/kYRxGDLWzHOB7q+wtSUQlFrtcdUccpfy+X+9iMBpHK8QLLhx2wIPYuS5DYtR9Wa/YlZAbIovy7qVdB1Aq6Lyw==}

  acorn@8.11.3:
    resolution: {integrity: sha512-Y9rRfJG5jcKOE0CLisYbojUjIrIEE7AGMzA/Sm4BslANhbS+cDMpgBdcPT91oJ7OuJ9hYJBx59RjbhxVnrF8Xg==}
    engines: {node: '>=0.4.0'}
    hasBin: true

  anymatch@3.1.3:
    resolution: {integrity: sha512-KMReFUr0B4t+D+OBkjR3KYqvocp2XaSzO55UcB6mgQMd3KbcE+mWTyvVV7D/zsdEbNnV6acZUutkiHQXvTr1Rw==}
    engines: {node: '>= 8'}

  aria-query@5.3.0:
    resolution: {integrity: sha512-b0P0sZPKtyu8HkeRAfCq0IfURZK+SuwMjY1UXGBU27wpAiTwQAIlq56IbIO+ytk/JjS1fMR14ee5WBBfKi5J6A==}

  axobject-query@4.0.0:
    resolution: {integrity: sha512-+60uv1hiVFhHZeO+Lz0RYzsVHy5Wr1ayX0mwda9KPDVLNJgZ1T9Ny7VmFbLDzxsH0D87I86vgj3gFrjTJUYznw==}

  balanced-match@1.0.2:
    resolution: {integrity: sha512-3oSeUO0TMV67hN1AmbXsK4yaqU7tjiHlbxRDZOpH0KW9+CeX4bRAaX0Anxt0tx2MrpRpWwQaPwIlISEJhYU5Pw==}

  binary-extensions@2.3.0:
    resolution: {integrity: sha512-Ceh+7ox5qe7LJuLHoY0feh3pHuUDHAcRUeyL2VYghZwfpkNIy/+8Ocg0a3UuSoYzavmylwuLWQOf3hl0jjMMIw==}
    engines: {node: '>=8'}

  brace-expansion@2.0.1:
    resolution: {integrity: sha512-XnAIvQ8eM+kC6aULx6wuQiwVsnzsi9d3WxzV3FpWTGA19F621kwdbsAcFKXgKUHZWsy+mY6iL1sHTxWEFCytDA==}

  braces@3.0.3:
    resolution: {integrity: sha512-yQbXgO/OSZVD2IsiLlro+7Hf6Q18EJrKSEsdoMzKePKXct3gvD8oLcOQdIzGupr5Fj+EDe8gO/lxc1BzfMpxvA==}
    engines: {node: '>=8'}

  chokidar@3.6.0:
    resolution: {integrity: sha512-7VT13fmjotKpGipCW9JEQAusEPE+Ei8nl6/g4FBAmIm0GOOLMua9NDDo/DWp0ZAxCr3cPq5ZpBqmPAQgDda2Pw==}
    engines: {node: '>= 8.10.0'}

  code-red@1.0.4:
    resolution: {integrity: sha512-7qJWqItLA8/VPVlKJlFXU+NBlo/qyfs39aJcuMT/2ere32ZqvF5OSxgdM5xOfJJ7O429gg2HM47y8v9P+9wrNw==}

  cookie@0.6.0:
    resolution: {integrity: sha512-U71cyTamuh1CRNCfpGY6to28lxvNwPG4Guz/EVjgf3Jmzv0vlDp1atT9eS5dDjMYHucpHbWns6Lwf3BKz6svdw==}
    engines: {node: '>= 0.6'}

  css-tree@2.3.1:
    resolution: {integrity: sha512-6Fv1DV/TYw//QF5IzQdqsNDjx/wc8TrMBZsqjL9eW01tWb7R7k/mq+/VXfJCl7SoD5emsJop9cOByJZfs8hYIw==}
    engines: {node: ^10 || ^12.20.0 || ^14.13.0 || >=15.0.0}

  debug@4.3.4:
    resolution: {integrity: sha512-PRWFHuSU3eDtQJPvnNY7Jcket1j0t5OuOsFzPPzsekD52Zl8qUfFIPEiswXqIvHWGVHOgX+7G/vCNNhehwxfkQ==}
    engines: {node: '>=6.0'}
    peerDependencies:
      supports-color: '*'
    peerDependenciesMeta:
      supports-color:
        optional: true

  dedent-js@1.0.1:
    resolution: {integrity: sha512-OUepMozQULMLUmhxS95Vudo0jb0UchLimi3+pQ2plj61Fcy8axbP9hbiD4Sz6DPqn6XG3kfmziVfQ1rSys5AJQ==}

  dedent@1.5.3:
    resolution: {integrity: sha512-NHQtfOOW68WD8lgypbLA5oT+Bt0xXJhiYvoR6SmmNXZfpzOGXwdKWmcwG8N7PwVVWV3eF/68nmD9BaJSsTBhyQ==}
    peerDependencies:
      babel-plugin-macros: ^3.1.0
    peerDependenciesMeta:
      babel-plugin-macros:
        optional: true

  deepmerge@4.3.1:
    resolution: {integrity: sha512-3sUqbMEc77XqpdNO7FRyRog+eW3ph+GYCbj+rK+uYyRMuwsVy0rMiVtPn+QJlKFvWP/1PYpapqYn0Me2knFn+A==}
    engines: {node: '>=0.10.0'}

  dequal@2.0.3:
    resolution: {integrity: sha512-0je+qPKHEMohvfRTCEo3CrPG6cAzAYgmzKyxRiYSSDkS6eGJdyVJm7WaYA5ECaAD9wLB2T4EEeymA5aFVcYXCA==}
    engines: {node: '>=6'}

  devalue@4.3.2:
    resolution: {integrity: sha512-KqFl6pOgOW+Y6wJgu80rHpo2/3H07vr8ntR9rkkFIRETewbf5GaYYcakYfiKz89K+sLsuPkQIZaXDMjUObZwWg==}

  esbuild@0.20.2:
    resolution: {integrity: sha512-WdOOppmUNU+IbZ0PaDiTst80zjnrOkyJNHoKupIcVyU8Lvla3Ugx94VzkQ32Ijqd7UhHJy75gNWDMUekcrSJ6g==}
    engines: {node: '>=12'}
    hasBin: true

  esm-env@1.0.0:
    resolution: {integrity: sha512-Cf6VksWPsTuW01vU9Mk/3vRue91Zevka5SjyNf3nEpokFRuqt/KjUQoGAwq9qMmhpLTHmXzSIrFRw8zxWzmFBA==}

  estree-walker@3.0.3:
    resolution: {integrity: sha512-7RUKfXgSMMkzt6ZuXmqapOurLGPPfgj6l9uRZ7lRGolvk0y2yocc35LdcxKC5PQZdn2DMqioAQ2NoWcrTKmm6g==}

  fill-range@7.1.1:
    resolution: {integrity: sha512-YsGpe3WHLK8ZYi4tWDg2Jy3ebRz2rXowDxnld4bkQB00cc/1Zw9AWnC0i9ztDJitivtQvaI9KaLyKrc+hBW0yg==}
    engines: {node: '>=8'}

  fs.realpath@1.0.0:
    resolution: {integrity: sha512-OO0pH2lK6a0hZnAdau5ItzHPI6pUlvI7jMVnxUQRtw4owF2wk8lOSabtGDCTP4Ggrg2MbGnWO9X8K1t4+fGMDw==}

  fsevents@2.3.3:
    resolution: {integrity: sha512-5xoDfX+fL7faATnagmWPpbFtwh/R77WmMMqqHGS65C3vvB0YHrgF+B1YmZ3441tMj5n63k0212XNoJwzlhffQw==}
    engines: {node: ^8.16.0 || ^10.6.0 || >=11.0.0}
    os: [darwin]

  ghostsui@1.6.0:
    resolution: {integrity: sha512-gXg1akgRnWEmbDCbEN+5q8laXJOJdP8RqqKhpPaxk3ql0U2LEF5bfBr3wQ59LbdwdwpSK9WspOJ5Crgq2Ploow==}

  glob-parent@5.1.2:
    resolution: {integrity: sha512-AOIgSQCepiJYwP3ARnGx+5VnTu2HBYdzbGP45eLw1vr3zB3vZLeyed1sC9hnbcOc9/SrMyM5RPQrkGz4aS9Zow==}
    engines: {node: '>= 6'}

  glob@8.1.0:
    resolution: {integrity: sha512-r8hpEjiQEYlF2QU0df3dS+nxxSIreXQS1qRhMJM0Q5NDdR386C7jb7Hwwod8Fgiuex+k0GFjgft18yvxm5XoCQ==}
    engines: {node: '>=12'}
    deprecated: Glob versions prior to v9 are no longer supported

  globalyzer@0.1.0:
    resolution: {integrity: sha512-40oNTM9UfG6aBmuKxk/giHn5nQ8RVz/SS4Ir6zgzOv9/qC3kKZ9v4etGTcJbEl/NyVQH7FGU7d+X1egr57Md2Q==}

  globrex@0.1.2:
    resolution: {integrity: sha512-uHJgbwAMwNFf5mLst7IWLNg14x1CkeqglJb/K3doi4dw6q2IvAAmM/Y81kevy83wP+Sst+nutFTYOGg3d1lsxg==}

  greset@2.0.0:
    resolution: {integrity: sha512-oC3JpE4RUT3iMkkmu5uzWc0H8prJAN3Nv7kcxPlJUtWBQi16UpPm6dxseIeC+KKlevxoSBzuTQeFi71qAjWHxA==}

  ignore-walk@5.0.1:
    resolution: {integrity: sha512-yemi4pMf51WKT7khInJqAvsIGzoqYXblnsz0ql8tM+yi1EKYTY1evX4NAbJrLL/Aanr2HyZeluqU+Oi7MGHokw==}
    engines: {node: ^12.13.0 || ^14.15.0 || >=16.0.0}

  immutable@4.3.5:
    resolution: {integrity: sha512-8eabxkth9gZatlwl5TBuJnCsoTADlL6ftEr7A4qgdaTsPyreilDSnUk57SO+jfKcNtxPa22U5KK6DSeAYhpBJw==}

  import-meta-resolve@4.0.0:
    resolution: {integrity: sha512-okYUR7ZQPH+efeuMJGlq4f8ubUgO50kByRPyt/Cy1Io4PSRsPjxME+YlVaCOx+NIToW7hCsZNFJyTPFFKepRSA==}

  inflight@1.0.6:
    resolution: {integrity: sha512-k92I/b08q4wvFscXCLvqfsHCrjrF7yiXsQuIVvVE7N82W3+aqpzuUdBbfhWcy/FZR3/4IgflMgKLOsvPDrGCJA==}
    deprecated: This module is not supported, and leaks memory. Do not use it. Check out lru-cache if you want a good and tested way to coalesce async requests by a key value, which is much more comprehensive and powerful.

  inherits@2.0.4:
    resolution: {integrity: sha512-k/vGaX4/Yla3WzyMCvTQOXYeIHvqOKtnqBduzTHpzpQZzAskKMhZ2K+EnBiSM9zGSoIFeMpXKxa4dYeZIQqewQ==}

  is-binary-path@2.1.0:
    resolution: {integrity: sha512-ZMERYes6pDydyuGidse7OsHxtbI7WVeUEozgR/g7rd0xUimYNlvZRE/K2MgZTjWy725IfelLeVcEM97mmtRGXw==}
    engines: {node: '>=8'}

  is-extglob@2.1.1:
    resolution: {integrity: sha512-SbKbANkN603Vi4jEZv49LeVJMn4yGwsbzZworEoyEiutsN3nJYdbO36zfhGJ6QEDpOZIFkDtnq5JRxmvl3jsoQ==}
    engines: {node: '>=0.10.0'}

  is-glob@4.0.3:
    resolution: {integrity: sha512-xelSayHH36ZgE7ZWhli7pW34hNbNl8Ojv5KVmkJD4hBdD3th8Tfk9vYasLM+mXWOZhFkgZfxhLSnrwRr4elSSg==}
    engines: {node: '>=0.10.0'}

  is-number@7.0.0:
    resolution: {integrity: sha512-41Cifkg6e8TylSpdtTpeLVMqvSBEVzTttHvERD741+pnZ8ANv0004MRL43QKPDlK9cGvNp6NZWZUBlbGXYxxng==}
    engines: {node: '>=0.12.0'}

  is-reference@3.0.2:
    resolution: {integrity: sha512-v3rht/LgVcsdZa3O2Nqs+NMowLOxeOm7Ay9+/ARQ2F+qEoANRcqrjAZKGN0v8ymUetZGgkp26LTnGT7H0Qo9Pg==}

  kleur@4.1.5:
    resolution: {integrity: sha512-o+NO+8WrRiQEE4/7nwRJhN1HWpVmJm511pBHUxPLtp0BUISzlBplORYSmTclCnJvQq2tKu/sgl3xVpkc7ZWuQQ==}
    engines: {node: '>=6'}

  locate-character@3.0.0:
    resolution: {integrity: sha512-SW13ws7BjaeJ6p7Q6CO2nchbYEc3X3J6WrmTTDto7yMPqVSZTUyY5Tjbid+Ab8gLnATtygYtiDIJGQRRn2ZOiA==}

  lower-case@2.0.2:
    resolution: {integrity: sha512-7fm3l3NAF9WfN6W3JOmf5drwpVqX78JtoGJ3A6W0a6ZnldM41w2fV5D490psKFTpMds8TJse/eHLFFsNHHjHgg==}

  lru-cache@6.0.0:
    resolution: {integrity: sha512-Jo6dJ04CmSjuznwJSS3pUeWmd/H0ffTlkXXgwZi+eq1UCmqQwCh+eLsYOYCwY991i2Fah4h1BEMCx4qThGbsiA==}
    engines: {node: '>=10'}

  magic-string@0.30.9:
    resolution: {integrity: sha512-S1+hd+dIrC8EZqKyT9DstTH/0Z+f76kmmvZnkfQVmOpDEF9iVgdYif3Q/pIWHmCoo59bQVGW0kVL3e2nl+9+Sw==}
    engines: {node: '>=12'}

  mdn-data@2.0.30:
    resolution: {integrity: sha512-GaqWWShW4kv/G9IEucWScBx9G1/vsFZZJUO+tD26M8J8z3Kw5RDQjaoZe03YAClgeS/SWPOcb4nkFBTEi5DUEA==}

  minimatch@5.1.6:
    resolution: {integrity: sha512-lKwV/1brpG6mBUFHtb7NUmtABCb2WZZmm2wNiOA5hAb8VdCS4B3dtMWyvcoViccwAW/COERjXLt0zP1zXUN26g==}
    engines: {node: '>=10'}

  mri@1.2.0:
    resolution: {integrity: sha512-tzzskb3bG8LvYGFF/mDTpq3jpI6Q9wc3LEmBaghu+DdCssd1FakN7Bc0hVNmEyGq1bq3RgfkCb3cmQLpNPOroA==}
    engines: {node: '>=4'}

  mrmime@2.0.0:
    resolution: {integrity: sha512-eu38+hdgojoyq63s+yTpN4XMBdt5l8HhMhc4VKLO9KM5caLIBvUm4thi7fFaxyTmCKeNnXZ5pAlBwCUnhA09uw==}
    engines: {node: '>=10'}

  ms@2.1.2:
    resolution: {integrity: sha512-sGkPx+VjMtmA6MX27oA4FBFELFCZZ4S4XqeGOXCv68tT+jb3vk/RyaKWP0PTKyWtmLSM0b+adUTEvbs1PEaH2w==}

  nanoid@3.3.7:
    resolution: {integrity: sha512-eSRppjcPIatRIMC1U6UngP8XFcz8MQWGQdt1MTBQ7NaAmvXDfvNxbvWV3x2y6CdEUciCSsDHDQZbhYaB8QEo2g==}
    engines: {node: ^10 || ^12 || ^13.7 || ^14 || >=15.0.1}
    hasBin: true

  no-case@3.0.4:
    resolution: {integrity: sha512-fgAN3jGAh+RoxUGZHTSOLJIqUc2wmoBwGR4tbpNAKmmovFoWq0OdRkb0VkldReO2a2iBT/OEulG9XSUc10r3zg==}

  normalize-path@3.0.0:
    resolution: {integrity: sha512-6eZs5Ls3WtCisHWp9S2GUy8dqkpGi4BVSz3GaqiE6ezub0512ESztXUwUB6C6IKbQkY2Pnb/mD4WYojCRwcwLA==}
    engines: {node: '>=0.10.0'}

  npm-bundled@2.0.1:
    resolution: {integrity: sha512-gZLxXdjEzE/+mOstGDqR6b0EkhJ+kM6fxM6vUuckuctuVPh80Q6pw/rSZj9s4Gex9GxWtIicO1pc8DB9KZWudw==}
    engines: {node: ^12.13.0 || ^14.15.0 || >=16.0.0}

  npm-normalize-package-bin@2.0.0:
    resolution: {integrity: sha512-awzfKUO7v0FscrSpRoogyNm0sajikhBWpU0QMrW09AMi9n1PoKU6WaIqUzuJSQnpciZZmJ/jMZ2Egfmb/9LiWQ==}
    engines: {node: ^12.13.0 || ^14.15.0 || >=16.0.0}

  npm-packlist@5.1.3:
    resolution: {integrity: sha512-263/0NGrn32YFYi4J533qzrQ/krmmrWwhKkzwTuM4f/07ug51odoaNjUexxO4vxlzURHcmYMH1QjvHjsNDKLVg==}
    engines: {node: ^12.13.0 || ^14.15.0 || >=16.0.0}
    hasBin: true

  once@1.4.0:
    resolution: {integrity: sha512-lNaJgI+2Q5URQBkccEKHTQOPaXdUxnZZElQTZY0MFUAuaEqe1E+Nyvgdz/aIyNi6Z9MzO5dv1H8n58/GELp3+w==}

  pascal-case@3.1.2:
    resolution: {integrity: sha512-uWlGT3YSnK9x3BQJaOdcZwrnV6hPpd8jFH1/ucpiLRPh/2zCVJKS19E4GvYHvaCcACn3foXZ0cLB9Wrx1KGe5g==}

  periscopic@3.1.0:
    resolution: {integrity: sha512-vKiQ8RRtkl9P+r/+oefh25C3fhybptkHKCZSPlcXiJux2tJF55GnEj3BVn4A5gKfq9NWWXXrxkHBwVPUfH0opw==}

  picocolors@1.0.0:
    resolution: {integrity: sha512-1fygroTLlHu66zi26VoTDv8yRgm0Fccecssto+MhsZ0D/DGW2sm8E8AjW7NU5VVTRt5GxbeZ5qBuJr+HyLYkjQ==}

  picomatch@2.3.1:
    resolution: {integrity: sha512-JU3teHTNjmE2VCGFzuY8EXzCDVwEqB2a8fsIvwaStHhAWJEeVd1o1QD80CU6+ZdEXXSLbSsuLwJjkCBWqRQUVA==}
    engines: {node: '>=8.6'}

  postcss-value-parser@4.2.0:
    resolution: {integrity: sha512-1NNCs6uurfkVbeXG4S8JFT9t19m45ICnif8zWLd5oPSZ50QnwMfK+H3jv408d4jw/7Bttv5axS5IiHoLaVNHeQ==}

  postcss@8.4.38:
    resolution: {integrity: sha512-Wglpdk03BSfXkHoQa3b/oulrotAkwrlLDRSOb9D0bN86FdRyE9lppSp33aHNPgBa0JKCoB+drFLZkQoRRYae5A==}
    engines: {node: ^10 || ^12 || >=14}

  publint@0.2.7:
    resolution: {integrity: sha512-tLU4ee3110BxWfAmCZggJmCUnYWgPTr0QLnx08sqpLYa8JHRiOudd+CgzdpfU5x5eOaW2WMkpmOrFshRFYK7Mw==}
    engines: {node: '>=16'}
    hasBin: true

  readdirp@3.6.0:
    resolution: {integrity: sha512-hOS089on8RduqdbhvQ5Z37A0ESjsqz6qnRcffsMU3495FuTdqSm+7bhJ29JvIOsBDEEnan5DPu9t3To9VRlMzA==}
    engines: {node: '>=8.10.0'}

  rfs@9.0.6:
    resolution: {integrity: sha512-KQ0EGVP4l3B3ynUZ1UNX3UoRAeswiX+ljGRcT+MoJKXRwXSUFpVZIPsqurH9pmY/AOGBFq7KKBq9fhRCkkg+SQ==}
    engines: {node: '>=8'}

  rollup@4.14.2:
    resolution: {integrity: sha512-WkeoTWvuBoFjFAhsEOHKRoZ3r9GfTyhh7Vff1zwebEFLEFjT1lG3784xEgKiTa7E+e70vsC81roVL2MP4tgEEQ==}
    engines: {node: '>=18.0.0', npm: '>=8.0.0'}
    hasBin: true

  sade@1.8.1:
    resolution: {integrity: sha512-xal3CZX1Xlo/k4ApwCFrHVACi9fBqJ7V+mwhBsuf/1IOKbBy098Fex+Wa/5QMubw09pSZ/u8EY8PWgevJsXp1A==}
    engines: {node: '>=6'}

  sass-hex-rgb@1.0.1:
    resolution: {integrity: sha512-yxHIGddIE+HPvS86Y2imuu/J4LZmss0K9/Dpos38gAC21ThbZLwE4PeA/2mN3ZLH3gXhHxBtjxf6Oi1GAIrMag==}

  sass@1.75.0:
    resolution: {integrity: sha512-ShMYi3WkrDWxExyxSZPst4/okE9ts46xZmJDSawJQrnte7M1V9fScVB+uNXOVKRBt0PggHOwoZcn8mYX4trnBw==}
    engines: {node: '>=14.0.0'}
    hasBin: true

  semver@7.6.0:
    resolution: {integrity: sha512-EnwXhrlwXMk9gKu5/flx5sv/an57AkRplG3hTK68W7FRDN+k+OWBj65M7719OkA82XLBxrcX0KSHj+X5COhOVg==}
    engines: {node: '>=10'}
    hasBin: true

  set-cookie-parser@2.6.0:
    resolution: {integrity: sha512-RVnVQxTXuerk653XfuliOxBP81Sf0+qfQE73LIYKcyMYHG94AuH0kgrQpRDuTZnSmjpysHmzxJXKNfa6PjFhyQ==}

  shikiji-core@0.10.2:
    resolution: {integrity: sha512-9Of8HMlF96usXJHmCL3Gd0Fcf0EcyJUF9m8EoAKKd98mHXi0La2AZl1h6PegSFGtiYcBDK/fLuKbDa1l16r1fA==}
    deprecated: Shikiji is merged back to Shiki v1.0, please migrate over to get the latest updates

  shikiji@0.10.2:
    resolution: {integrity: sha512-wtZg3T0vtYV2PnqusWQs3mDaJBdCPWxFDrBM/SE5LfrX92gjUvfEMlc+vJnoKY6Z/S44OWaCRzNIsdBRWcTAiw==}
    deprecated: Shikiji is merged back to Shiki v1.0, please migrate over to get the latest updates

  sirv@2.0.4:
    resolution: {integrity: sha512-94Bdh3cC2PKrbgSOUqTiGPWVZeSiXfKOVZNJniWoqrWrRkB1CJzBU3NEbiTsPcYy1lDsANA/THzS+9WBiy5nfQ==}
    engines: {node: '>= 10'}

  source-map-js@1.2.0:
    resolution: {integrity: sha512-itJW8lvSA0TXEphiRoawsCksnlf8SyvmFzIhltqAHluXd88pkCd+cXJVHTDwdCr0IzwptSm035IHQktUu1QUMg==}
    engines: {node: '>=0.10.0'}

  svelte-hmr@0.16.0:
    resolution: {integrity: sha512-Gyc7cOS3VJzLlfj7wKS0ZnzDVdv3Pn2IuVeJPk9m2skfhcu5bq3wtIZyQGggr7/Iim5rH5cncyQft/kRLupcnA==}
    engines: {node: ^12.20 || ^14.13.1 || >= 16}
    peerDependencies:
      svelte: ^3.19.0 || ^4.0.0

  svelte2tsx@0.7.6:
    resolution: {integrity: sha512-awHvYsakyiGjRqqSOhb2F+qJ6lUT9klQe0UQofAcdHNaKKeDHA8kEZ8zYKGG3BiDPurKYMGvH5/lZ+jeIoG7yQ==}
    peerDependencies:
      svelte: ^3.55 || ^4.0.0-next.0 || ^4.0 || ^5.0.0-next.0
      typescript: ^4.9.4 || ^5.0.0

  svelte@4.2.14:
    resolution: {integrity: sha512-ry3+YlWqZpHxLy45MW4MZIxNdvB+Wl7p2nnstWKbOAewaJyNJuOtivSbRChcfIej6wFBjWqyKmf/NgK1uW2JAA==}
    engines: {node: '>=16'}

  tiny-glob@0.2.9:
    resolution: {integrity: sha512-g/55ssRPUjShh+xkfx9UPDXqhckHEsHr4Vd9zX55oSdGZc/MD0m3sferOkwWtp98bv+kcVfEHtRJgBVJzelrzg==}

  to-regex-range@5.0.1:
    resolution: {integrity: sha512-65P7iz6X5yEr1cwcgvQxbbIw7Uk3gOy5dIdtZ4rDveLqhrdJP+Li/Hx6tyK0NEb+2GCyneCMJiGqrADCSNk8sQ==}
    engines: {node: '>=8.0'}

  totalist@3.0.1:
    resolution: {integrity: sha512-sf4i37nQ2LBx4m3wB74y+ubopq6W/dIzXg0FDGjsYnZHVa1Da8FH853wlL2gtUhg+xJXjfk3kUZS3BRoQeoQBQ==}
    engines: {node: '>=6'}

  tslib@2.6.2:
    resolution: {integrity: sha512-AEYxH93jGFPn/a2iVAwW87VuUIkR1FVUKB77NwMF7nBTDkDrrT/Hpt/IrCJ0QXhW27jTBDcf5ZY7w6RiqTMw2Q==}

  typescript@5.4.5:
    resolution: {integrity: sha512-vcI4UpRgg81oIRUFwR0WSIHKt11nJ7SAVlYNIu+QpqeyXP+gpQJy/Z4+F0aGxSE4MqwjyXvW/TzgkLAx2AGHwQ==}
    engines: {node: '>=14.17'}
    hasBin: true

  vite@5.2.8:
    resolution: {integrity: sha512-OyZR+c1CE8yeHw5V5t59aXsUPPVTHMDjEZz8MgguLL/Q7NblxhZUlTu9xSPqlsUO/y+X7dlU05jdhvyycD55DA==}
    engines: {node: ^18.0.0 || >=20.0.0}
    hasBin: true
    peerDependencies:
      '@types/node': ^18.0.0 || >=20.0.0
      less: '*'
      lightningcss: ^1.21.0
      sass: '*'
      stylus: '*'
      sugarss: '*'
      terser: ^5.4.0
    peerDependenciesMeta:
      '@types/node':
        optional: true
      less:
        optional: true
      lightningcss:
        optional: true
      sass:
        optional: true
      stylus:
        optional: true
      sugarss:
        optional: true
      terser:
        optional: true

  vitefu@0.2.5:
    resolution: {integrity: sha512-SgHtMLoqaeeGnd2evZ849ZbACbnwQCIwRH57t18FxcXoZop0uQu0uzlIhJBlF/eWVzuce0sHeqPcDo+evVcg8Q==}
    peerDependencies:
      vite: ^3.0.0 || ^4.0.0 || ^5.0.0
    peerDependenciesMeta:
      vite:
        optional: true

  wrappy@1.0.2:
    resolution: {integrity: sha512-l4Sp/DRseor9wL6EvV2+TuQn63dMkPjZ/sp9XkghTEbV9KlPS1xUsZ3u7/IQO4wxtcFB4bgpQPRcR3QCvezPcQ==}

  yallist@4.0.0:
    resolution: {integrity: sha512-3wdGidZyq5PB084XLES5TpOSRA3wjXAlIWMhum2kRcv/41Sn2emQ0dycQW4uZXLejwKvg6EsvbdlVL+FYEct7A==}

snapshots:

  '@ampproject/remapping@2.3.0':
    dependencies:
      '@jridgewell/gen-mapping': 0.3.5
      '@jridgewell/trace-mapping': 0.3.25

  '@esbuild/aix-ppc64@0.20.2':
    optional: true

  '@esbuild/android-arm64@0.20.2':
    optional: true

  '@esbuild/android-arm@0.20.2':
    optional: true

  '@esbuild/android-x64@0.20.2':
    optional: true

  '@esbuild/darwin-arm64@0.20.2':
    optional: true

  '@esbuild/darwin-x64@0.20.2':
    optional: true

  '@esbuild/freebsd-arm64@0.20.2':
    optional: true

  '@esbuild/freebsd-x64@0.20.2':
    optional: true

  '@esbuild/linux-arm64@0.20.2':
    optional: true

  '@esbuild/linux-arm@0.20.2':
    optional: true

  '@esbuild/linux-ia32@0.20.2':
    optional: true

  '@esbuild/linux-loong64@0.20.2':
    optional: true

  '@esbuild/linux-mips64el@0.20.2':
    optional: true

  '@esbuild/linux-ppc64@0.20.2':
    optional: true

  '@esbuild/linux-riscv64@0.20.2':
    optional: true

  '@esbuild/linux-s390x@0.20.2':
    optional: true

  '@esbuild/linux-x64@0.20.2':
    optional: true

  '@esbuild/netbsd-x64@0.20.2':
    optional: true

  '@esbuild/openbsd-x64@0.20.2':
    optional: true

  '@esbuild/sunos-x64@0.20.2':
    optional: true

  '@esbuild/win32-arm64@0.20.2':
    optional: true

  '@esbuild/win32-ia32@0.20.2':
    optional: true

  '@esbuild/win32-x64@0.20.2':
    optional: true

  '@jridgewell/gen-mapping@0.3.5':
    dependencies:
      '@jridgewell/set-array': 1.2.1
      '@jridgewell/sourcemap-codec': 1.4.15
      '@jridgewell/trace-mapping': 0.3.25

  '@jridgewell/resolve-uri@3.1.2': {}

  '@jridgewell/set-array@1.2.1': {}

  '@jridgewell/sourcemap-codec@1.4.15': {}

  '@jridgewell/trace-mapping@0.3.25':
    dependencies:
      '@jridgewell/resolve-uri': 3.1.2
      '@jridgewell/sourcemap-codec': 1.4.15

  '@polka/url@1.0.0-next.25': {}

  '@rollup/rollup-android-arm-eabi@4.14.2':
    optional: true

  '@rollup/rollup-android-arm64@4.14.2':
    optional: true

  '@rollup/rollup-darwin-arm64@4.14.2':
    optional: true

  '@rollup/rollup-darwin-x64@4.14.2':
    optional: true

  '@rollup/rollup-linux-arm-gnueabihf@4.14.2':
    optional: true

  '@rollup/rollup-linux-arm64-gnu@4.14.2':
    optional: true

  '@rollup/rollup-linux-arm64-musl@4.14.2':
    optional: true

  '@rollup/rollup-linux-powerpc64le-gnu@4.14.2':
    optional: true

  '@rollup/rollup-linux-riscv64-gnu@4.14.2':
    optional: true

  '@rollup/rollup-linux-s390x-gnu@4.14.2':
    optional: true

  '@rollup/rollup-linux-x64-gnu@4.14.2':
    optional: true

  '@rollup/rollup-linux-x64-musl@4.14.2':
    optional: true

  '@rollup/rollup-win32-arm64-msvc@4.14.2':
    optional: true

  '@rollup/rollup-win32-ia32-msvc@4.14.2':
    optional: true

  '@rollup/rollup-win32-x64-msvc@4.14.2':
    optional: true

  '@sveltejs/adapter-static@3.0.1(@sveltejs/kit@2.5.5(@sveltejs/vite-plugin-svelte@3.1.0(svelte@4.2.14)(vite@5.2.8(sass@1.75.0)))(svelte@4.2.14)(vite@5.2.8(sass@1.75.0)))':
    dependencies:
      '@sveltejs/kit': 2.5.5(@sveltejs/vite-plugin-svelte@3.1.0(svelte@4.2.14)(vite@5.2.8(sass@1.75.0)))(svelte@4.2.14)(vite@5.2.8(sass@1.75.0))

  '@sveltejs/kit@2.5.5(@sveltejs/vite-plugin-svelte@3.1.0(svelte@4.2.14)(vite@5.2.8(sass@1.75.0)))(svelte@4.2.14)(vite@5.2.8(sass@1.75.0))':
    dependencies:
      '@sveltejs/vite-plugin-svelte': 3.1.0(svelte@4.2.14)(vite@5.2.8(sass@1.75.0))
      '@types/cookie': 0.6.0
      cookie: 0.6.0
      devalue: 4.3.2
      esm-env: 1.0.0
      import-meta-resolve: 4.0.0
      kleur: 4.1.5
      magic-string: 0.30.9
      mrmime: 2.0.0
      sade: 1.8.1
      set-cookie-parser: 2.6.0
      sirv: 2.0.4
      svelte: 4.2.14
      tiny-glob: 0.2.9
      vite: 5.2.8(sass@1.75.0)

  '@sveltejs/package@2.3.1(svelte@4.2.14)(typescript@5.4.5)':
    dependencies:
      chokidar: 3.6.0
      kleur: 4.1.5
      sade: 1.8.1
      semver: 7.6.0
      svelte: 4.2.14
      svelte2tsx: 0.7.6(svelte@4.2.14)(typescript@5.4.5)
    transitivePeerDependencies:
      - typescript

  '@sveltejs/vite-plugin-svelte-inspector@2.1.0(@sveltejs/vite-plugin-svelte@3.1.0(svelte@4.2.14)(vite@5.2.8(sass@1.75.0)))(svelte@4.2.14)(vite@5.2.8(sass@1.75.0))':
    dependencies:
      '@sveltejs/vite-plugin-svelte': 3.1.0(svelte@4.2.14)(vite@5.2.8(sass@1.75.0))
      debug: 4.3.4
      svelte: 4.2.14
      vite: 5.2.8(sass@1.75.0)
    transitivePeerDependencies:
      - supports-color

  '@sveltejs/vite-plugin-svelte@3.1.0(svelte@4.2.14)(vite@5.2.8(sass@1.75.0))':
    dependencies:
      '@sveltejs/vite-plugin-svelte-inspector': 2.1.0(@sveltejs/vite-plugin-svelte@3.1.0(svelte@4.2.14)(vite@5.2.8(sass@1.75.0)))(svelte@4.2.14)(vite@5.2.8(sass@1.75.0))
      debug: 4.3.4
      deepmerge: 4.3.1
      kleur: 4.1.5
      magic-string: 0.30.9
      svelte: 4.2.14
      svelte-hmr: 0.16.0(svelte@4.2.14)
      vite: 5.2.8(sass@1.75.0)
      vitefu: 0.2.5(vite@5.2.8(sass@1.75.0))
    transitivePeerDependencies:
      - supports-color

  '@types/cookie@0.6.0': {}

  '@types/estree@1.0.5': {}

  acorn@8.11.3: {}

  anymatch@3.1.3:
    dependencies:
      normalize-path: 3.0.0
      picomatch: 2.3.1

  aria-query@5.3.0:
    dependencies:
      dequal: 2.0.3

  axobject-query@4.0.0:
    dependencies:
      dequal: 2.0.3

  balanced-match@1.0.2: {}

  binary-extensions@2.3.0: {}

  brace-expansion@2.0.1:
    dependencies:
      balanced-match: 1.0.2

  braces@3.0.3:
    dependencies:
      fill-range: 7.1.1

  chokidar@3.6.0:
    dependencies:
      anymatch: 3.1.3
      braces: 3.0.3
      glob-parent: 5.1.2
      is-binary-path: 2.1.0
      is-glob: 4.0.3
      normalize-path: 3.0.0
      readdirp: 3.6.0
    optionalDependencies:
      fsevents: 2.3.3

  code-red@1.0.4:
    dependencies:
      '@jridgewell/sourcemap-codec': 1.4.15
      '@types/estree': 1.0.5
      acorn: 8.11.3
      estree-walker: 3.0.3
      periscopic: 3.1.0

  cookie@0.6.0: {}

  css-tree@2.3.1:
    dependencies:
      mdn-data: 2.0.30
      source-map-js: 1.2.0

  debug@4.3.4:
    dependencies:
      ms: 2.1.2

  dedent-js@1.0.1: {}

  dedent@1.5.3: {}

  deepmerge@4.3.1: {}

  dequal@2.0.3: {}

  devalue@4.3.2: {}

  esbuild@0.20.2:
    optionalDependencies:
      '@esbuild/aix-ppc64': 0.20.2
      '@esbuild/android-arm': 0.20.2
      '@esbuild/android-arm64': 0.20.2
      '@esbuild/android-x64': 0.20.2
      '@esbuild/darwin-arm64': 0.20.2
      '@esbuild/darwin-x64': 0.20.2
      '@esbuild/freebsd-arm64': 0.20.2
      '@esbuild/freebsd-x64': 0.20.2
      '@esbuild/linux-arm': 0.20.2
      '@esbuild/linux-arm64': 0.20.2
      '@esbuild/linux-ia32': 0.20.2
      '@esbuild/linux-loong64': 0.20.2
      '@esbuild/linux-mips64el': 0.20.2
      '@esbuild/linux-ppc64': 0.20.2
      '@esbuild/linux-riscv64': 0.20.2
      '@esbuild/linux-s390x': 0.20.2
      '@esbuild/linux-x64': 0.20.2
      '@esbuild/netbsd-x64': 0.20.2
      '@esbuild/openbsd-x64': 0.20.2
      '@esbuild/sunos-x64': 0.20.2
      '@esbuild/win32-arm64': 0.20.2
      '@esbuild/win32-ia32': 0.20.2
      '@esbuild/win32-x64': 0.20.2

  esm-env@1.0.0: {}

  estree-walker@3.0.3:
    dependencies:
      '@types/estree': 1.0.5

  fill-range@7.1.1:
    dependencies:
      to-regex-range: 5.0.1

  fs.realpath@1.0.0: {}

  fsevents@2.3.3:
    optional: true

  ghostsui@1.6.0:
    dependencies:
      greset: 2.0.0
      sass-hex-rgb: 1.0.1

  glob-parent@5.1.2:
    dependencies:
      is-glob: 4.0.3

  glob@8.1.0:
    dependencies:
      fs.realpath: 1.0.0
      inflight: 1.0.6
      inherits: 2.0.4
      minimatch: 5.1.6
      once: 1.4.0

  globalyzer@0.1.0: {}

  globrex@0.1.2: {}

  greset@2.0.0:
    dependencies:
      rfs: 9.0.6

  ignore-walk@5.0.1:
    dependencies:
      minimatch: 5.1.6

  immutable@4.3.5: {}

  import-meta-resolve@4.0.0: {}

  inflight@1.0.6:
    dependencies:
      once: 1.4.0
      wrappy: 1.0.2

  inherits@2.0.4: {}

  is-binary-path@2.1.0:
    dependencies:
      binary-extensions: 2.3.0

  is-extglob@2.1.1: {}

  is-glob@4.0.3:
    dependencies:
      is-extglob: 2.1.1

  is-number@7.0.0: {}

  is-reference@3.0.2:
    dependencies:
      '@types/estree': 1.0.5

  kleur@4.1.5: {}

  locate-character@3.0.0: {}

  lower-case@2.0.2:
    dependencies:
      tslib: 2.6.2

  lru-cache@6.0.0:
    dependencies:
      yallist: 4.0.0

  magic-string@0.30.9:
    dependencies:
      '@jridgewell/sourcemap-codec': 1.4.15

  mdn-data@2.0.30: {}

  minimatch@5.1.6:
    dependencies:
      brace-expansion: 2.0.1

  mri@1.2.0: {}

  mrmime@2.0.0: {}

  ms@2.1.2: {}

  nanoid@3.3.7: {}

  no-case@3.0.4:
    dependencies:
      lower-case: 2.0.2
      tslib: 2.6.2

  normalize-path@3.0.0: {}

  npm-bundled@2.0.1:
    dependencies:
      npm-normalize-package-bin: 2.0.0

  npm-normalize-package-bin@2.0.0: {}

  npm-packlist@5.1.3:
    dependencies:
      glob: 8.1.0
      ignore-walk: 5.0.1
      npm-bundled: 2.0.1
      npm-normalize-package-bin: 2.0.0

  once@1.4.0:
    dependencies:
      wrappy: 1.0.2

  pascal-case@3.1.2:
    dependencies:
      no-case: 3.0.4
      tslib: 2.6.2

  periscopic@3.1.0:
    dependencies:
      '@types/estree': 1.0.5
      estree-walker: 3.0.3
      is-reference: 3.0.2

  picocolors@1.0.0: {}

  picomatch@2.3.1: {}

  postcss-value-parser@4.2.0: {}

  postcss@8.4.38:
    dependencies:
      nanoid: 3.3.7
      picocolors: 1.0.0
      source-map-js: 1.2.0

  publint@0.2.7:
    dependencies:
      npm-packlist: 5.1.3
      picocolors: 1.0.0
      sade: 1.8.1

  readdirp@3.6.0:
    dependencies:
      picomatch: 2.3.1

  rfs@9.0.6:
    dependencies:
      postcss-value-parser: 4.2.0

  rollup@4.14.2:
    dependencies:
      '@types/estree': 1.0.5
    optionalDependencies:
      '@rollup/rollup-android-arm-eabi': 4.14.2
      '@rollup/rollup-android-arm64': 4.14.2
      '@rollup/rollup-darwin-arm64': 4.14.2
      '@rollup/rollup-darwin-x64': 4.14.2
      '@rollup/rollup-linux-arm-gnueabihf': 4.14.2
      '@rollup/rollup-linux-arm64-gnu': 4.14.2
      '@rollup/rollup-linux-arm64-musl': 4.14.2
      '@rollup/rollup-linux-powerpc64le-gnu': 4.14.2
      '@rollup/rollup-linux-riscv64-gnu': 4.14.2
      '@rollup/rollup-linux-s390x-gnu': 4.14.2
      '@rollup/rollup-linux-x64-gnu': 4.14.2
      '@rollup/rollup-linux-x64-musl': 4.14.2
      '@rollup/rollup-win32-arm64-msvc': 4.14.2
      '@rollup/rollup-win32-ia32-msvc': 4.14.2
      '@rollup/rollup-win32-x64-msvc': 4.14.2
      fsevents: 2.3.3

  sade@1.8.1:
    dependencies:
      mri: 1.2.0

  sass-hex-rgb@1.0.1: {}

  sass@1.75.0:
    dependencies:
      chokidar: 3.6.0
      immutable: 4.3.5
      source-map-js: 1.2.0

  semver@7.6.0:
    dependencies:
      lru-cache: 6.0.0

  set-cookie-parser@2.6.0: {}

  shikiji-core@0.10.2: {}

  shikiji@0.10.2:
    dependencies:
      shikiji-core: 0.10.2

  sirv@2.0.4:
    dependencies:
      '@polka/url': 1.0.0-next.25
      mrmime: 2.0.0
      totalist: 3.0.1

  source-map-js@1.2.0: {}

  svelte-hmr@0.16.0(svelte@4.2.14):
    dependencies:
      svelte: 4.2.14

  svelte2tsx@0.7.6(svelte@4.2.14)(typescript@5.4.5):
    dependencies:
      dedent-js: 1.0.1
      pascal-case: 3.1.2
      svelte: 4.2.14
      typescript: 5.4.5

  svelte@4.2.14:
    dependencies:
      '@ampproject/remapping': 2.3.0
      '@jridgewell/sourcemap-codec': 1.4.15
      '@jridgewell/trace-mapping': 0.3.25
      '@types/estree': 1.0.5
      acorn: 8.11.3
      aria-query: 5.3.0
      axobject-query: 4.0.0
      code-red: 1.0.4
      css-tree: 2.3.1
      estree-walker: 3.0.3
      is-reference: 3.0.2
      locate-character: 3.0.0
      magic-string: 0.30.9
      periscopic: 3.1.0

  tiny-glob@0.2.9:
    dependencies:
      globalyzer: 0.1.0
      globrex: 0.1.2

  to-regex-range@5.0.1:
    dependencies:
      is-number: 7.0.0

  totalist@3.0.1: {}

  tslib@2.6.2: {}

  typescript@5.4.5: {}

  vite@5.2.8(sass@1.75.0):
    dependencies:
      esbuild: 0.20.2
      postcss: 8.4.38
      rollup: 4.14.2
    optionalDependencies:
      fsevents: 2.3.3
      sass: 1.75.0

  vitefu@0.2.5(vite@5.2.8(sass@1.75.0)):
    optionalDependencies:
      vite: 5.2.8(sass@1.75.0)

  wrappy@1.0.2: {}

  yallist@4.0.0: {}
